// !$*UTF8*$!
{
	archiveVersion = 1;
	classes = {
	};
	objectVersion = 46;
	objects = {

/* Begin PBXBuildFile section */
		9340D01B1F0D241F00F1E698 /* AppDelegate.swift in Sources */ = {isa = PBXBuildFile; fileRef = 9340D01A1F0D241F00F1E698 /* AppDelegate.swift */; };
		9340D01D1F0D241F00F1E698 /* ViewController.swift in Sources */ = {isa = PBXBuildFile; fileRef = 9340D01C1F0D241F00F1E698 /* ViewController.swift */; };
		9340D0201F0D241F00F1E698 /* Main.storyboard in Resources */ = {isa = PBXBuildFile; fileRef = 9340D01E1F0D241F00F1E698 /* Main.storyboard */; };
		9340D0221F0D241F00F1E698 /* Assets.xcassets in Resources */ = {isa = PBXBuildFile; fileRef = 9340D0211F0D241F00F1E698 /* Assets.xcassets */; };
		9340D0251F0D241F00F1E698 /* LaunchScreen.storyboard in Resources */ = {isa = PBXBuildFile; fileRef = 9340D0231F0D241F00F1E698 /* LaunchScreen.storyboard */; };
/* End PBXBuildFile section */

/* Begin PBXFileReference section */
		9340D0171F0D241F00F1E698 /* ios-voice-search.app */ = {isa = PBXFileReference; explicitFileType = wrapper.application; includeInIndex = 0; path = "ios-voice-search.app"; sourceTree = BUILT_PRODUCTS_DIR; };
		9340D01A1F0D241F00F1E698 /* AppDelegate.swift */ = {isa = PBXFileReference; lastKnownFileType = sourcecode.swift; path = AppDelegate.swift; sourceTree = "<group>"; };
		9340D01C1F0D241F00F1E698 /* ViewController.swift */ = {isa = PBXFileReference; lastKnownFileType = sourcecode.swift; path = ViewController.swift; sourceTree = "<group>"; };
		9340D01F1F0D241F00F1E698 /* Base */ = {isa = PBXFileReference; lastKnownFileType = file.storyboard; name = Base; path = Base.lproj/Main.storyboard; sourceTree = "<group>"; };
		9340D0211F0D241F00F1E698 /* Assets.xcassets */ = {isa = PBXFileReference; lastKnownFileType = folder.assetcatalog; path = Assets.xcassets; sourceTree = "<group>"; };
		9340D0241F0D241F00F1E698 /* Base */ = {isa = PBXFileReference; lastKnownFileType = file.storyboard; name = Base; path = Base.lproj/LaunchScreen.storyboard; sourceTree = "<group>"; };
		9340D0261F0D241F00F1E698 /* Info.plist */ = {isa = PBXFileReference; lastKnownFileType = text.plist.xml; path = Info.plist; sourceTree = "<group>"; };
/* End PBXFileReference section */

/* Begin PBXFrameworksBuildPhase section */
		9340D0141F0D241F00F1E698 /* Frameworks */ = {
			isa = PBXFrameworksBuildPhase;
			buildActionMask = 2147483647;
			files = (
			);
			runOnlyForDeploymentPostprocessing = 0;
		};
/* End PBXFrameworksBuildPhase section */

/* Begin PBXGroup section */
		9340D00E1F0D241F00F1E698 = {
			isa = PBXGroup;
			children = (
				9340D0191F0D241F00F1E698 /* ios-voice-search */,
				9340D0181F0D241F00F1E698 /* Products */,
			);
			sourceTree = "<group>";
		};
		9340D0181F0D241F00F1E698 /* Products */ = {
			isa = PBXGroup;
			children = (
				9340D0171F0D241F00F1E698 /* ios-voice-search.app */,
			);
			name = Products;
			sourceTree = "<group>";
		};
		9340D0191F0D241F00F1E698 /* ios-voice-search */ = {
			isa = PBXGroup;
			children = (
				9340D01A1F0D241F00F1E698 /* AppDelegate.swift */,
				9340D01C1F0D241F00F1E698 /* ViewController.swift */,
				9340D01E1F0D241F00F1E698 /* Main.storyboard */,
				9340D0211F0D241F00F1E698 /* Assets.xcassets */,
				9340D0231F0D241F00F1E698 /* LaunchScreen.storyboard */,
				9340D0261F0D241F00F1E698 /* Info.plist */,
			);
			path = "ios-voice-search";
			sourceTree = "<group>";
		};
/* End PBXGroup section */

/* Begin PBXNativeTarget section */
		9340D0161F0D241F00F1E698 /* ios-voice-search */ = {
			isa = PBXNativeTarget;
			buildConfigurationList = 9340D0291F0D241F00F1E698 /* Build configuration list for PBXNativeTarget "ios-voice-search" */;
			buildPhases = (
				9340D0131F0D241F00F1E698 /* Sources */,
				9340D0141F0D241F00F1E698 /* Frameworks */,
				9340D0151F0D241F00F1E698 /* Resources */,
			);
			buildRules = (
			);
			dependencies = (
			);
			name = "ios-voice-search";
			productName = "ios-voice-search";
			productReference = 9340D0171F0D241F00F1E698 /* ios-voice-search.app */;
			productType = "com.apple.product-type.application";
		};
/* End PBXNativeTarget section */

/* Begin PBXProject section */
		9340D00F1F0D241F00F1E698 /* Project object */ = {
			isa = PBXProject;
			attributes = {
				LastSwiftUpdateCheck = 0830;
				LastUpgradeCheck = 0830;
				ORGANIZATIONNAME = "Base team";
				TargetAttributes = {
					9340D0161F0D241F00F1E698 = {
						CreatedOnToolsVersion = 8.3.2;
						DevelopmentTeam = PEYKHN6GF6;
						ProvisioningStyle = Automatic;
					};
				};
			};
			buildConfigurationList = 9340D0121F0D241F00F1E698 /* Build configuration list for PBXProject "ios-voice-search" */;
			compatibilityVersion = "Xcode 3.2";
			developmentRegion = English;
			hasScannedForEncodings = 0;
			knownRegions = (
				en,
				Base,
			);
			mainGroup = 9340D00E1F0D241F00F1E698;
			productRefGroup = 9340D0181F0D241F00F1E698 /* Products */;
			projectDirPath = "";
			projectRoot = "";
			targets = (
				9340D0161F0D241F00F1E698 /* ios-voice-search */,
			);
		};
/* End PBXProject section */

/* Begin PBXResourcesBuildPhase section */
		9340D0151F0D241F00F1E698 /* Resources */ = {
			isa = PBXResourcesBuildPhase;
			buildActionMask = 2147483647;
			files = (
				9340D0251F0D241F00F1E698 /* LaunchScreen.storyboard in Resources */,
				9340D0221F0D241F00F1E698 /* Assets.xcassets in Resources */,
				9340D0201F0D241F00F1E698 /* Main.storyboard in Resources */,
			);
			runOnlyForDeploymentPostprocessing = 0;
		};
/* End PBXResourcesBuildPhase section */

/* Begin PBXSourcesBuildPhase section */
		9340D0131F0D241F00F1E698 /* Sources */ = {
			isa = PBXSourcesBuildPhase;
			buildActionMask = 2147483647;
			files = (
				9340D01D1F0D241F00F1E698 /* ViewController.swift in Sources */,
				9340D01B1F0D241F00F1E698 /* AppDelegate.swift in Sources */,
			);
			runOnlyForDeploymentPostprocessing = 0;
		};
/* End PBXSourcesBuildPhase section */

/* Begin PBXVariantGroup section */
		9340D01E1F0D241F00F1E698 /* Main.storyboard */ = {
			isa = PBXVariantGroup;
			children = (
				9340D01F1F0D241F00F1E698 /* Base */,
			);
			name = Main.storyboard;
			sourceTree = "<group>";
		};
		9340D0231F0D241F00F1E698 /* LaunchScreen.storyboard */ = {
			isa = PBXVariantGroup;
			children = (
				9340D0241F0D241F00F1E698 /* Base */,
			);
			name = LaunchScreen.storyboard;
			sourceTree = "<group>";
		};
/* End PBXVariantGroup section */

/* Begin XCBuildConfiguration section */
		9340D0271F0D241F00F1E698 /* Debug */ = {
			isa = XCBuildConfiguration;
			buildSettings = {
				ALWAYS_SEARCH_USER_PATHS = NO;
				CLANG_ANALYZER_NONNULL = YES;
				CLANG_ANALYZER_NUMBER_OBJECT_CONVERSION = YES_AGGRESSIVE;
				CLANG_CXX_LANGUAGE_STANDARD = "gnu++0x";
				CLANG_CXX_LIBRARY = "libc++";
				CLANG_ENABLE_MODULES = YES;
				CLANG_ENABLE_OBJC_ARC = YES;
				CLANG_WARN_BOOL_CONVERSION = YES;
				CLANG_WARN_CONSTANT_CONVERSION = YES;
				CLANG_WARN_DIRECT_OBJC_ISA_USAGE = YES_ERROR;
				CLANG_WARN_DOCUMENTATION_COMMENTS = YES;
				CLANG_WARN_EMPTY_BODY = YES;
				CLANG_WARN_ENUM_CONVERSION = YES;
				CLANG_WARN_INFINITE_RECURSION = YES;
				CLANG_WARN_INT_CONVERSION = YES;
				CLANG_WARN_OBJC_ROOT_CLASS = YES_ERROR;
				CLANG_WARN_SUSPICIOUS_MOVE = YES;
				CLANG_WARN_UNREACHABLE_CODE = YES;
				CLANG_WARN__DUPLICATE_METHOD_MATCH = YES;
				"CODE_SIGN_IDENTITY[sdk=iphoneos*]" = "iPhone Developer";
				COPY_PHASE_STRIP = NO;
				DEBUG_INFORMATION_FORMAT = dwarf;
				ENABLE_STRICT_OBJC_MSGSEND = YES;
				ENABLE_TESTABILITY = YES;
				GCC_C_LANGUAGE_STANDARD = gnu99;
				GCC_DYNAMIC_NO_PIC = NO;
				GCC_NO_COMMON_BLOCKS = YES;
				GCC_OPTIMIZATION_LEVEL = 0;
				GCC_PREPROCESSOR_DEFINITIONS = (
					"DEBUG=1",
					"$(inherited)",
				);
				GCC_WARN_64_TO_32_BIT_CONVERSION = YES;
				GCC_WARN_ABOUT_RETURN_TYPE = YES_ERROR;
				GCC_WARN_UNDECLARED_SELECTOR = YES;
				GCC_WARN_UNINITIALIZED_AUTOS = YES_AGGRESSIVE;
				GCC_WARN_UNUSED_FUNCTION = YES;
				GCC_WARN_UNUSED_VARIABLE = YES;
				IPHONEOS_DEPLOYMENT_TARGET = 10.3;
				MTL_ENABLE_DEBUG_INFO = YES;
				ONLY_ACTIVE_ARCH = YES;
				SDKROOT = iphoneos;
				SWIFT_ACTIVE_COMPILATION_CONDITIONS = DEBUG;
				SWIFT_OPTIMIZATION_LEVEL = "-Onone";
				TARGETED_DEVICE_FAMILY = "1,2";
			};
			name = Debug;
		};
		9340D0281F0D241F00F1E698 /* Release */ = {
			isa = XCBuildConfiguration;
			buildSettings = {
				ALWAYS_SEARCH_USER_PATHS = NO;
				CLANG_ANALYZER_NONNULL = YES;
				CLANG_ANALYZER_NUMBER_OBJECT_CONVERSION = YES_AGGRESSIVE;
				CLANG_CXX_LANGUAGE_STANDARD = "gnu++0x";
				CLANG_CXX_LIBRARY = "libc++";
				CLANG_ENABLE_MODULES = YES;
				CLANG_ENABLE_OBJC_ARC = YES;
				CLANG_WARN_BOOL_CONVERSION = YES;
				CLANG_WARN_CONSTANT_CONVERSION = YES;
				CLANG_WARN_DIRECT_OBJC_ISA_USAGE = YES_ERROR;
				CLANG_WARN_DOCUMENTATION_COMMENTS = YES;
				CLANG_WARN_EMPTY_BODY = YES;
				CLANG_WARN_ENUM_CONVERSION = YES;
				CLANG_WARN_INFINITE_RECURSION = YES;
				CLANG_WARN_INT_CONVERSION = YES;
				CLANG_WARN_OBJC_ROOT_CLASS = YES_ERROR;
				CLANG_WARN_SUSPICIOUS_MOVE = YES;
				CLANG_WARN_UNREACHABLE_CODE = YES;
				CLANG_WARN__DUPLICATE_METHOD_MATCH = YES;
				"CODE_SIGN_IDENTITY[sdk=iphoneos*]" = "iPhone Developer";
				COPY_PHASE_STRIP = NO;
				DEBUG_INFORMATION_FORMAT = "dwarf-with-dsym";
				ENABLE_NS_ASSERTIONS = NO;
				ENABLE_STRICT_OBJC_MSGSEND = YES;
				GCC_C_LANGUAGE_STANDARD = gnu99;
				GCC_NO_COMMON_BLOCKS = YES;
				GCC_WARN_64_TO_32_BIT_CONVERSION = YES;
				GCC_WARN_ABOUT_RETURN_TYPE = YES_ERROR;
				GCC_WARN_UNDECLARED_SELECTOR = YES;
				GCC_WARN_UNINITIALIZED_AUTOS = YES_AGGRESSIVE;
				GCC_WARN_UNUSED_FUNCTION = YES;
				GCC_WARN_UNUSED_VARIABLE = YES;
				IPHONEOS_DEPLOYMENT_TARGET = 10.3;
				MTL_ENABLE_DEBUG_INFO = NO;
				SDKROOT = iphoneos;
				SWIFT_OPTIMIZATION_LEVEL = "-Owholemodule";
				TARGETED_DEVICE_FAMILY = "1,2";
				VALIDATE_PRODUCT = YES;
			};
			name = Release;
		};
		9340D02A1F0D241F00F1E698 /* Debug */ = {
			isa = XCBuildConfiguration;
			buildSettings = {
				ASSETCATALOG_COMPILER_APPICON_NAME = AppIcon;
				DEVELOPMENT_TEAM = PEYKHN6GF6;
				INFOPLIST_FILE = "ios-voice-search/Info.plist";
				LD_RUNPATH_SEARCH_PATHS = "$(inherited) @executable_path/Frameworks";
				PRODUCT_BUNDLE_IDENTIFIER = "com.baseteam.ios-voice-search";
				PRODUCT_NAME = "$(TARGET_NAME)";
				SWIFT_VERSION = 3.0;
			};
			name = Debug;
		};
		9340D02B1F0D241F00F1E698 /* Release */ = {
			isa = XCBuildConfiguration;
			buildSettings = {
				ASSETCATALOG_COMPILER_APPICON_NAME = AppIcon;
				DEVELOPMENT_TEAM = PEYKHN6GF6;
				INFOPLIST_FILE = "ios-voice-search/Info.plist";
				LD_RUNPATH_SEARCH_PATHS = "$(inherited) @executable_path/Frameworks";
				PRODUCT_BUNDLE_IDENTIFIER = "com.baseteam.ios-voice-search";
				PRODUCT_NAME = "$(TARGET_NAME)";
				SWIFT_VERSION = 3.0;
			};
			name = Release;
		};
/* End XCBuildConfiguration section */

/* Begin XCConfigurationList section */
		9340D0121F0D241F00F1E698 /* Build configuration list for PBXProject "ios-voice-search" */ = {
			isa = XCConfigurationList;
			buildConfigurations = (
				9340D0271F0D241F00F1E698 /* Debug */,
				9340D0281F0D241F00F1E698 /* Release */,
			);
			defaultConfigurationIsVisible = 0;
			defaultConfigurationName = Release;
		};
		9340D0291F0D241F00F1E698 /* Build configuration list for PBXNativeTarget "ios-voice-search" */ = {
			isa = XCConfigurationList;
			buildConfigurations = (
				9340D02A1F0D241F00F1E698 /* Debug */,
				9340D02B1F0D241F00F1E698 /* Release */,
			);
			defaultConfigurationIsVisible = 0;
		};
/* End XCConfigurationList section */
	};
	rootObject = 9340D00F1F0D241F00F1E698 /* Project object */;
}
