// !$*UTF8*$!
{
	archiveVersion = 1;
	classes = {
	};
	objectVersion = 46;
	objects = {

/* Begin PBXBuildFile section */
		5D6D589633F9FC671BEF32D0 /* Pods_ios_voice_search.framework in Frameworks */ = {isa = PBXBuildFile; fileRef = 377BC095DAF253561F71B2B5 /* Pods_ios_voice_search.framework */; };
		933E43AA1F192B73000B97FE /* DialogTextView.swift in Sources */ = {isa = PBXBuildFile; fileRef = 933E43A91F192B73000B97FE /* DialogTextView.swift */; };
		933E43AF1F1BF533000B97FE /* SpeechHandler.swift in Sources */ = {isa = PBXBuildFile; fileRef = 933E43AE1F1BF533000B97FE /* SpeechHandler.swift */; };
		933E43B11F1BFEF3000B97FE /* DataManager.swift in Sources */ = {isa = PBXBuildFile; fileRef = 933E43B01F1BFEF3000B97FE /* DataManager.swift */; };
		933E43B31F1C0074000B97FE /* Result.swift in Sources */ = {isa = PBXBuildFile; fileRef = 933E43B21F1C0074000B97FE /* Result.swift */; };
		9340D01B1F0D241F00F1E698 /* AppDelegate.swift in Sources */ = {isa = PBXBuildFile; fileRef = 9340D01A1F0D241F00F1E698 /* AppDelegate.swift */; };
		9340D0201F0D241F00F1E698 /* Main.storyboard in Resources */ = {isa = PBXBuildFile; fileRef = 9340D01E1F0D241F00F1E698 /* Main.storyboard */; };
		9340D0221F0D241F00F1E698 /* Assets.xcassets in Resources */ = {isa = PBXBuildFile; fileRef = 9340D0211F0D241F00F1E698 /* Assets.xcassets */; };
		9340D0251F0D241F00F1E698 /* LaunchScreen.storyboard in Resources */ = {isa = PBXBuildFile; fileRef = 9340D0231F0D241F00F1E698 /* LaunchScreen.storyboard */; };
		937188EE1F17A7E600F1881F /* ViewController.swift in Sources */ = {isa = PBXBuildFile; fileRef = 937188ED1F17A7E600F1881F /* ViewController.swift */; };
		93AE11B91F18122F007AA2C5 /* Parameters.swift in Sources */ = {isa = PBXBuildFile; fileRef = 93AE11B81F18122F007AA2C5 /* Parameters.swift */; };
/* End PBXBuildFile section */

/* Begin PBXFileReference section */
		377BC095DAF253561F71B2B5 /* Pods_ios_voice_search.framework */ = {isa = PBXFileReference; explicitFileType = wrapper.framework; includeInIndex = 0; path = Pods_ios_voice_search.framework; sourceTree = BUILT_PRODUCTS_DIR; };
		5CC8440ED892D6240216B4CF /* Pods-ios-voice-search.release.xcconfig */ = {isa = PBXFileReference; includeInIndex = 1; lastKnownFileType = text.xcconfig; name = "Pods-ios-voice-search.release.xcconfig"; path = "Pods/Target Support Files/Pods-ios-voice-search/Pods-ios-voice-search.release.xcconfig"; sourceTree = "<group>"; };
		933E43A91F192B73000B97FE /* DialogTextView.swift */ = {isa = PBXFileReference; fileEncoding = 4; lastKnownFileType = sourcecode.swift; path = DialogTextView.swift; sourceTree = "<group>"; };
		933E43AE1F1BF533000B97FE /* SpeechHandler.swift */ = {isa = PBXFileReference; fileEncoding = 4; lastKnownFileType = sourcecode.swift; path = SpeechHandler.swift; sourceTree = "<group>"; };
		933E43B01F1BFEF3000B97FE /* DataManager.swift */ = {isa = PBXFileReference; fileEncoding = 4; lastKnownFileType = sourcecode.swift; path = DataManager.swift; sourceTree = "<group>"; };
		933E43B21F1C0074000B97FE /* Result.swift */ = {isa = PBXFileReference; fileEncoding = 4; lastKnownFileType = sourcecode.swift; path = Result.swift; sourceTree = "<group>"; };
		9340D0171F0D241F00F1E698 /* ios-voice-search.app */ = {isa = PBXFileReference; explicitFileType = wrapper.application; includeInIndex = 0; path = "ios-voice-search.app"; sourceTree = BUILT_PRODUCTS_DIR; };
		9340D01A1F0D241F00F1E698 /* AppDelegate.swift */ = {isa = PBXFileReference; lastKnownFileType = sourcecode.swift; path = AppDelegate.swift; sourceTree = "<group>"; };
		9340D01F1F0D241F00F1E698 /* Base */ = {isa = PBXFileReference; lastKnownFileType = file.storyboard; name = Base; path = Base.lproj/Main.storyboard; sourceTree = "<group>"; };
		9340D0211F0D241F00F1E698 /* Assets.xcassets */ = {isa = PBXFileReference; lastKnownFileType = folder.assetcatalog; path = Assets.xcassets; sourceTree = "<group>"; };
		9340D0241F0D241F00F1E698 /* Base */ = {isa = PBXFileReference; lastKnownFileType = file.storyboard; name = Base; path = Base.lproj/LaunchScreen.storyboard; sourceTree = "<group>"; };
		9340D0261F0D241F00F1E698 /* Info.plist */ = {isa = PBXFileReference; lastKnownFileType = text.plist.xml; path = Info.plist; sourceTree = "<group>"; };
		937188ED1F17A7E600F1881F /* ViewController.swift */ = {isa = PBXFileReference; fileEncoding = 4; lastKnownFileType = sourcecode.swift; path = ViewController.swift; sourceTree = "<group>"; };
		93AE11B81F18122F007AA2C5 /* Parameters.swift */ = {isa = PBXFileReference; fileEncoding = 4; lastKnownFileType = sourcecode.swift; path = Parameters.swift; sourceTree = "<group>"; };
		D98A59ECF463E2AA5D9175C0 /* Pods-ios-voice-search.debug.xcconfig */ = {isa = PBXFileReference; includeInIndex = 1; lastKnownFileType = text.xcconfig; name = "Pods-ios-voice-search.debug.xcconfig"; path = "Pods/Target Support Files/Pods-ios-voice-search/Pods-ios-voice-search.debug.xcconfig"; sourceTree = "<group>"; };
/* End PBXFileReference section */

/* Begin PBXFrameworksBuildPhase section */
		9340D0141F0D241F00F1E698 /* Frameworks */ = {
			isa = PBXFrameworksBuildPhase;
			buildActionMask = 2147483647;
			files = (
				5D6D589633F9FC671BEF32D0 /* Pods_ios_voice_search.framework in Frameworks */,
			);
			runOnlyForDeploymentPostprocessing = 0;
		};
/* End PBXFrameworksBuildPhase section */

/* Begin PBXGroup section */
		8B1DF0907ED2ED70882CED47 /* Pods */ = {
			isa = PBXGroup;
			children = (
				D98A59ECF463E2AA5D9175C0 /* Pods-ios-voice-search.debug.xcconfig */,
				5CC8440ED892D6240216B4CF /* Pods-ios-voice-search.release.xcconfig */,
			);
			name = Pods;
			sourceTree = "<group>";
		};
		933E43AB1F1BDF24000B97FE /* Model */ = {
			isa = PBXGroup;
			children = (
				933E43AE1F1BF533000B97FE /* SpeechHandler.swift */,
				93AE11B81F18122F007AA2C5 /* Parameters.swift */,
				933E43B21F1C0074000B97FE /* Result.swift */,
			);
			name = Model;
			sourceTree = "<group>";
		};
		933E43AC1F1BDFCF000B97FE /* Controller */ = {
			isa = PBXGroup;
			children = (
				937188ED1F17A7E600F1881F /* ViewController.swift */,
			);
			name = Controller;
			sourceTree = "<group>";
		};
		933E43AD1F1BDFD5000B97FE /* View */ = {
			isa = PBXGroup;
			children = (
				933E43A91F192B73000B97FE /* DialogTextView.swift */,
			);
			name = View;
			sourceTree = "<group>";
		};
		9340D00E1F0D241F00F1E698 = {
			isa = PBXGroup;
			children = (
				9340D0191F0D241F00F1E698 /* ios-voice-search */,
				9340D0181F0D241F00F1E698 /* Products */,
				8B1DF0907ED2ED70882CED47 /* Pods */,
				D947DE0BF716A43596F9E34A /* Frameworks */,
			);
			sourceTree = "<group>";
		};
		9340D0181F0D241F00F1E698 /* Products */ = {
			isa = PBXGroup;
			children = (
				9340D0171F0D241F00F1E698 /* ios-voice-search.app */,
			);
			name = Products;
			sourceTree = "<group>";
		};
		9340D0191F0D241F00F1E698 /* ios-voice-search */ = {
			isa = PBXGroup;
			children = (
				9340D01A1F0D241F00F1E698 /* AppDelegate.swift */,
				933E43B01F1BFEF3000B97FE /* DataManager.swift */,
				933E43AB1F1BDF24000B97FE /* Model */,
				933E43AC1F1BDFCF000B97FE /* Controller */,
				933E43AD1F1BDFD5000B97FE /* View */,
				9340D0211F0D241F00F1E698 /* Assets.xcassets */,
				9340D01E1F0D241F00F1E698 /* Main.storyboard */,
				9340D0231F0D241F00F1E698 /* LaunchScreen.storyboard */,
				9340D0261F0D241F00F1E698 /* Info.plist */,
			);
			path = "ios-voice-search";
			sourceTree = "<group>";
		};
		D947DE0BF716A43596F9E34A /* Frameworks */ = {
			isa = PBXGroup;
			children = (
				377BC095DAF253561F71B2B5 /* Pods_ios_voice_search.framework */,
			);
			name = Frameworks;
			sourceTree = "<group>";
		};
/* End PBXGroup section */

/* Begin PBXNativeTarget section */
		9340D0161F0D241F00F1E698 /* ios-voice-search */ = {
			isa = PBXNativeTarget;
			buildConfigurationList = 9340D0291F0D241F00F1E698 /* Build configuration list for PBXNativeTarget "ios-voice-search" */;
			buildPhases = (
				8610CE614BBAC530466A6523 /* [CP] Check Pods Manifest.lock */,
				9340D0131F0D241F00F1E698 /* Sources */,
				9340D0141F0D241F00F1E698 /* Frameworks */,
				9340D0151F0D241F00F1E698 /* Resources */,
				2EB8F6B11AC2EB96D955C119 /* [CP] Embed Pods Frameworks */,
				C7A4AF41F73D16857B5C90D8 /* [CP] Copy Pods Resources */,
			);
			buildRules = (
			);
			dependencies = (
			);
			name = "ios-voice-search";
			productName = "ios-voice-search";
			productReference = 9340D0171F0D241F00F1E698 /* ios-voice-search.app */;
			productType = "com.apple.product-type.application";
		};
/* End PBXNativeTarget section */

/* Begin PBXProject section */
		9340D00F1F0D241F00F1E698 /* Project object */ = {
			isa = PBXProject;
			attributes = {
				LastSwiftUpdateCheck = 0830;
				LastUpgradeCheck = 0830;
				ORGANIZATIONNAME = "Base team";
				TargetAttributes = {
					9340D0161F0D241F00F1E698 = {
						CreatedOnToolsVersion = 8.3.2;
						DevelopmentTeam = PEYKHN6GF6;
						ProvisioningStyle = Automatic;
					};
				};
			};
			buildConfigurationList = 9340D0121F0D241F00F1E698 /* Build configuration list for PBXProject "ios-voice-search" */;
			compatibilityVersion = "Xcode 3.2";
			developmentRegion = English;
			hasScannedForEncodings = 0;
			knownRegions = (
				en,
				Base,
			);
			mainGroup = 9340D00E1F0D241F00F1E698;
			productRefGroup = 9340D0181F0D241F00F1E698 /* Products */;
			projectDirPath = "";
			projectRoot = "";
			targets = (
				9340D0161F0D241F00F1E698 /* ios-voice-search */,
			);
		};
/* End PBXProject section */

/* Begin PBXResourcesBuildPhase section */
		9340D0151F0D241F00F1E698 /* Resources */ = {
			isa = PBXResourcesBuildPhase;
			buildActionMask = 2147483647;
			files = (
				9340D0251F0D241F00F1E698 /* LaunchScreen.storyboard in Resources */,
				9340D0221F0D241F00F1E698 /* Assets.xcassets in Resources */,
				9340D0201F0D241F00F1E698 /* Main.storyboard in Resources */,
			);
			runOnlyForDeploymentPostprocessing = 0;
		};
/* End PBXResourcesBuildPhase section */

/* Begin PBXShellScriptBuildPhase section */
		2EB8F6B11AC2EB96D955C119 /* [CP] Embed Pods Frameworks */ = {
			isa = PBXShellScriptBuildPhase;
			buildActionMask = 2147483647;
			files = (
			);
			inputPaths = (
			);
			name = "[CP] Embed Pods Frameworks";
			outputPaths = (
			);
			runOnlyForDeploymentPostprocessing = 0;
			shellPath = /bin/sh;
			shellScript = "\"${SRCROOT}/Pods/Target Support Files/Pods-ios-voice-search/Pods-ios-voice-search-frameworks.sh\"\n";
			showEnvVarsInLog = 0;
		};
		8610CE614BBAC530466A6523 /* [CP] Check Pods Manifest.lock */ = {
			isa = PBXShellScriptBuildPhase;
			buildActionMask = 2147483647;
			files = (
			);
			inputPaths = (
			);
			name = "[CP] Check Pods Manifest.lock";
			outputPaths = (
			);
			runOnlyForDeploymentPostprocessing = 0;
			shellPath = /bin/sh;
			shellScript = "diff \"${PODS_PODFILE_DIR_PATH}/Podfile.lock\" \"${PODS_ROOT}/Manifest.lock\" > /dev/null\nif [ $? != 0 ] ; then\n    # print error to STDERR\n    echo \"error: The sandbox is not in sync with the Podfile.lock. Run 'pod install' or update your CocoaPods installation.\" >&2\n    exit 1\nfi\n";
			showEnvVarsInLog = 0;
		};
		C7A4AF41F73D16857B5C90D8 /* [CP] Copy Pods Resources */ = {
			isa = PBXShellScriptBuildPhase;
			buildActionMask = 2147483647;
			files = (
			);
			inputPaths = (
			);
			name = "[CP] Copy Pods Resources";
			outputPaths = (
			);
			runOnlyForDeploymentPostprocessing = 0;
			shellPath = /bin/sh;
			shellScript = "\"${SRCROOT}/Pods/Target Support Files/Pods-ios-voice-search/Pods-ios-voice-search-resources.sh\"\n";
			showEnvVarsInLog = 0;
		};
/* End PBXShellScriptBuildPhase section */

/* Begin PBXSourcesBuildPhase section */
		9340D0131F0D241F00F1E698 /* Sources */ = {
			isa = PBXSourcesBuildPhase;
			buildActionMask = 2147483647;
			files = (
				937188EE1F17A7E600F1881F /* ViewController.swift in Sources */,
				933E43B11F1BFEF3000B97FE /* DataManager.swift in Sources */,
				93AE11B91F18122F007AA2C5 /* Parameters.swift in Sources */,
				933E43AF1F1BF533000B97FE /* SpeechHandler.swift in Sources */,
				933E43AA1F192B73000B97FE /* DialogTextView.swift in Sources */,
				933E43B31F1C0074000B97FE /* Result.swift in Sources */,
				9340D01B1F0D241F00F1E698 /* AppDelegate.swift in Sources */,
			);
			runOnlyForDeploymentPostprocessing = 0;
		};
/* End PBXSourcesBuildPhase section */

/* Begin PBXVariantGroup section */
		9340D01E1F0D241F00F1E698 /* Main.storyboard */ = {
			isa = PBXVariantGroup;
			children = (
				9340D01F1F0D241F00F1E698 /* Base */,
			);
			name = Main.storyboard;
			sourceTree = "<group>";
		};
		9340D0231F0D241F00F1E698 /* LaunchScreen.storyboard */ = {
			isa = PBXVariantGroup;
			children = (
				9340D0241F0D241F00F1E698 /* Base */,
			);
			name = LaunchScreen.storyboard;
			sourceTree = "<group>";
		};
/* End PBXVariantGroup section */

/* Begin XCBuildConfiguration section */
		9340D0271F0D241F00F1E698 /* Debug */ = {
			isa = XCBuildConfiguration;
			buildSettings = {
				ALWAYS_SEARCH_USER_PATHS = NO;
				CLANG_ANALYZER_NONNULL = YES;
				CLANG_ANALYZER_NUMBER_OBJECT_CONVERSION = YES_AGGRESSIVE;
				CLANG_CXX_LANGUAGE_STANDARD = "gnu++0x";
				CLANG_CXX_LIBRARY = "libc++";
				CLANG_ENABLE_MODULES = YES;
				CLANG_ENABLE_OBJC_ARC = YES;
				CLANG_WARN_BOOL_CONVERSION = YES;
				CLANG_WARN_CONSTANT_CONVERSION = YES;
				CLANG_WARN_DIRECT_OBJC_ISA_USAGE = YES_ERROR;
				CLANG_WARN_DOCUMENTATION_COMMENTS = YES;
				CLANG_WARN_EMPTY_BODY = YES;
				CLANG_WARN_ENUM_CONVERSION = YES;
				CLANG_WARN_INFINITE_RECURSION = YES;
				CLANG_WARN_INT_CONVERSION = YES;
				CLANG_WARN_OBJC_ROOT_CLASS = YES_ERROR;
				CLANG_WARN_SUSPICIOUS_MOVE = YES;
				CLANG_WARN_UNREACHABLE_CODE = YES;
				CLANG_WARN__DUPLICATE_METHOD_MATCH = YES;
				"CODE_SIGN_IDENTITY[sdk=iphoneos*]" = "iPhone Developer";
				COPY_PHASE_STRIP = NO;
				DEBUG_INFORMATION_FORMAT = dwarf;
				ENABLE_STRICT_OBJC_MSGSEND = YES;
				ENABLE_TESTABILITY = YES;
				GCC_C_LANGUAGE_STANDARD = gnu99;
				GCC_DYNAMIC_NO_PIC = NO;
				GCC_NO_COMMON_BLOCKS = YES;
				GCC_OPTIMIZATION_LEVEL = 0;
				GCC_PREPROCESSOR_DEFINITIONS = (
					"DEBUG=1",
					"$(inherited)",
				);
				GCC_WARN_64_TO_32_BIT_CONVERSION = YES;
				GCC_WARN_ABOUT_RETURN_TYPE = YES_ERROR;
				GCC_WARN_UNDECLARED_SELECTOR = YES;
				GCC_WARN_UNINITIALIZED_AUTOS = YES_AGGRESSIVE;
				GCC_WARN_UNUSED_FUNCTION = YES;
				GCC_WARN_UNUSED_VARIABLE = YES;
				IPHONEOS_DEPLOYMENT_TARGET = 10.3;
				MTL_ENABLE_DEBUG_INFO = YES;
				ONLY_ACTIVE_ARCH = YES;
				SDKROOT = iphoneos;
				SWIFT_ACTIVE_COMPILATION_CONDITIONS = DEBUG;
				SWIFT_OPTIMIZATION_LEVEL = "-Onone";
				TARGETED_DEVICE_FAMILY = "1,2";
			};
			name = Debug;
		};
		9340D0281F0D241F00F1E698 /* Release */ = {
			isa = XCBuildConfiguration;
			buildSettings = {
				ALWAYS_SEARCH_USER_PATHS = NO;
				CLANG_ANALYZER_NONNULL = YES;
				CLANG_ANALYZER_NUMBER_OBJECT_CONVERSION = YES_AGGRESSIVE;
				CLANG_CXX_LANGUAGE_STANDARD = "gnu++0x";
				CLANG_CXX_LIBRARY = "libc++";
				CLANG_ENABLE_MODULES = YES;
				CLANG_ENABLE_OBJC_ARC = YES;
				CLANG_WARN_BOOL_CONVERSION = YES;
				CLANG_WARN_CONSTANT_CONVERSION = YES;
				CLANG_WARN_DIRECT_OBJC_ISA_USAGE = YES_ERROR;
				CLANG_WARN_DOCUMENTATION_COMMENTS = YES;
				CLANG_WARN_EMPTY_BODY = YES;
				CLANG_WARN_ENUM_CONVERSION = YES;
				CLANG_WARN_INFINITE_RECURSION = YES;
				CLANG_WARN_INT_CONVERSION = YES;
				CLANG_WARN_OBJC_ROOT_CLASS = YES_ERROR;
				CLANG_WARN_SUSPICIOUS_MOVE = YES;
				CLANG_WARN_UNREACHABLE_CODE = YES;
				CLANG_WARN__DUPLICATE_METHOD_MATCH = YES;
				"CODE_SIGN_IDENTITY[sdk=iphoneos*]" = "iPhone Developer";
				COPY_PHASE_STRIP = NO;
				DEBUG_INFORMATION_FORMAT = "dwarf-with-dsym";
				ENABLE_NS_ASSERTIONS = NO;
				ENABLE_STRICT_OBJC_MSGSEND = YES;
				GCC_C_LANGUAGE_STANDARD = gnu99;
				GCC_NO_COMMON_BLOCKS = YES;
				GCC_WARN_64_TO_32_BIT_CONVERSION = YES;
				GCC_WARN_ABOUT_RETURN_TYPE = YES_ERROR;
				GCC_WARN_UNDECLARED_SELECTOR = YES;
				GCC_WARN_UNINITIALIZED_AUTOS = YES_AGGRESSIVE;
				GCC_WARN_UNUSED_FUNCTION = YES;
				GCC_WARN_UNUSED_VARIABLE = YES;
				IPHONEOS_DEPLOYMENT_TARGET = 10.3;
				MTL_ENABLE_DEBUG_INFO = NO;
				SDKROOT = iphoneos;
				SWIFT_OPTIMIZATION_LEVEL = "-Owholemodule";
				TARGETED_DEVICE_FAMILY = "1,2";
				VALIDATE_PRODUCT = YES;
			};
			name = Release;
		};
		9340D02A1F0D241F00F1E698 /* Debug */ = {
			isa = XCBuildConfiguration;
			baseConfigurationReference = D98A59ECF463E2AA5D9175C0 /* Pods-ios-voice-search.debug.xcconfig */;
			buildSettings = {
				ASSETCATALOG_COMPILER_APPICON_NAME = AppIcon;
				DEVELOPMENT_TEAM = PEYKHN6GF6;
				INFOPLIST_FILE = "ios-voice-search/Info.plist";
				LD_RUNPATH_SEARCH_PATHS = "$(inherited) @executable_path/Frameworks";
				PRODUCT_BUNDLE_IDENTIFIER = "com.baseteam.ios-voice-search";
				PRODUCT_NAME = "$(TARGET_NAME)";
				SWIFT_VERSION = 3.0;
			};
			name = Debug;
		};
		9340D02B1F0D241F00F1E698 /* Release */ = {
			isa = XCBuildConfiguration;
			baseConfigurationReference = 5CC8440ED892D6240216B4CF /* Pods-ios-voice-search.release.xcconfig */;
			buildSettings = {
				ASSETCATALOG_COMPILER_APPICON_NAME = AppIcon;
				DEVELOPMENT_TEAM = PEYKHN6GF6;
				INFOPLIST_FILE = "ios-voice-search/Info.plist";
				LD_RUNPATH_SEARCH_PATHS = "$(inherited) @executable_path/Frameworks";
				PRODUCT_BUNDLE_IDENTIFIER = "com.baseteam.ios-voice-search";
				PRODUCT_NAME = "$(TARGET_NAME)";
				SWIFT_VERSION = 3.0;
			};
			name = Release;
		};
/* End XCBuildConfiguration section */

/* Begin XCConfigurationList section */
		9340D0121F0D241F00F1E698 /* Build configuration list for PBXProject "ios-voice-search" */ = {
			isa = XCConfigurationList;
			buildConfigurations = (
				9340D0271F0D241F00F1E698 /* Debug */,
				9340D0281F0D241F00F1E698 /* Release */,
			);
			defaultConfigurationIsVisible = 0;
			defaultConfigurationName = Release;
		};
		9340D0291F0D241F00F1E698 /* Build configuration list for PBXNativeTarget "ios-voice-search" */ = {
			isa = XCConfigurationList;
			buildConfigurations = (
				9340D02A1F0D241F00F1E698 /* Debug */,
				9340D02B1F0D241F00F1E698 /* Release */,
			);
			defaultConfigurationIsVisible = 0;
			defaultConfigurationName = Release;
		};
/* End XCConfigurationList section */
	};
	rootObject = 9340D00F1F0D241F00F1E698 /* Project object */;
}
